
Microsoft Visual Studio Solution File, Format Version 12.00
# Visual Studio Version 16
VisualStudioVersion = 16.0.31424.327
MinimumVisualStudioVersion = 10.0.40219.1
Project("{FAE04EC0-301F-11D3-BF4B-00C04F79EFBC}") = "WpfCalculator", "WpfApp1\WpfCalculator.csproj", "{156657B7-41A7-499E-A94D-D987F0EA390F}"
EndProject
Global
	GlobalSection(SolutionConfigurationPlatforms) = preSolution
		Debug|Any CPU = Debug|Any CPU
		Release|Any CPU = Release|Any CPU
	EndGlobalSection
	GlobalSection(ProjectConfigurationPlatforms) = postSolution
		{156657B7-41A7-499E-A94D-D987F0EA390F}.Debug|Any CPU.ActiveCfg = Debug|Any CPU
		{156657B7-41A7-499E-A94D-D987F0EA390F}.Debug|Any CPU.Build.0 = Debug|Any CPU
		{156657B7-41A7-499E-A94D-D987F0EA390F}.Release|Any CPU.ActiveCfg = Release|Any CPU
		{156657B7-41A7-499E-A94D-D987F0EA390F}.Release|Any CPU.Build.0 = Release|Any CPU
	EndGlobalSection
	GlobalSection(SolutionProperties) = preSolution
		HideSolutionNode = FALSE
	EndGlobalSection
	GlobalSection(ExtensibilityGlobals) = postSolution
		SolutionGuid = {94E102A6-2469-4F10-B9C7-D1D210C0C8A4}
	EndGlobalSection
EndGlobal
